// !$*UTF8*$!
{
	archiveVersion = 1;
	classes = {
	};
	objectVersion = 60;
	objects = {

/* Begin PBXBuildFile section */
		F486267E2C2FCAC900E233D3 /* ShortcutsProvider.swift in Sources */ = {isa = PBXBuildFile; fileRef = F486267D2C2FCAC900E233D3 /* ShortcutsProvider.swift */; };
		F48626812C2FCB0B00E233D3 /* AssetIntents.swift in Sources */ = {isa = PBXBuildFile; fileRef = F48626802C2FCB0A00E233D3 /* AssetIntents.swift */; };
		F48626842C2FD2F800E233D3 /* LocationManager.swift in Sources */ = {isa = PBXBuildFile; fileRef = F48626832C2FD2F400E233D3 /* LocationManager.swift */; };
		F48626862C2FD32000E233D3 /* AudioManager.swift in Sources */ = {isa = PBXBuildFile; fileRef = F48626852C2FD31D00E233D3 /* AudioManager.swift */; };
		FD38CE1C2C2FBA0A0056344A /* RoadkillApp.swift in Sources */ = {isa = PBXBuildFile; fileRef = FD38CE1B2C2FBA0A0056344A /* RoadkillApp.swift */; };
		FD38CE1E2C2FBA0A0056344A /* ContentView.swift in Sources */ = {isa = PBXBuildFile; fileRef = FD38CE1D2C2FBA0A0056344A /* ContentView.swift */; };
		FD38CE202C2FBA0B0056344A /* Assets.xcassets in Resources */ = {isa = PBXBuildFile; fileRef = FD38CE1F2C2FBA0B0056344A /* Assets.xcassets */; };
		FD38CE232C2FBA0B0056344A /* Preview Assets.xcassets in Resources */ = {isa = PBXBuildFile; fileRef = FD38CE222C2FBA0B0056344A /* Preview Assets.xcassets */; };
/* End PBXBuildFile section */

/* Begin PBXFileReference section */
		F486267B2C2FC8AE00E233D3 /* Info.plist */ = {isa = PBXFileReference; lastKnownFileType = text.plist; path = Info.plist; sourceTree = "<group>"; };
		F486267D2C2FCAC900E233D3 /* ShortcutsProvider.swift */ = {isa = PBXFileReference; lastKnownFileType = sourcecode.swift; path = ShortcutsProvider.swift; sourceTree = "<group>"; };
		F48626802C2FCB0A00E233D3 /* AssetIntents.swift */ = {isa = PBXFileReference; lastKnownFileType = sourcecode.swift; path = AssetIntents.swift; sourceTree = "<group>"; };
		F48626832C2FD2F400E233D3 /* LocationManager.swift */ = {isa = PBXFileReference; lastKnownFileType = sourcecode.swift; path = LocationManager.swift; sourceTree = "<group>"; };
		F48626852C2FD31D00E233D3 /* AudioManager.swift */ = {isa = PBXFileReference; lastKnownFileType = sourcecode.swift; path = AudioManager.swift; sourceTree = "<group>"; };
		FD38CE182C2FBA0A0056344A /* Roadkill.app */ = {isa = PBXFileReference; explicitFileType = wrapper.application; includeInIndex = 0; path = Roadkill.app; sourceTree = BUILT_PRODUCTS_DIR; };
		FD38CE1B2C2FBA0A0056344A /* RoadkillApp.swift */ = {isa = PBXFileReference; lastKnownFileType = sourcecode.swift; path = RoadkillApp.swift; sourceTree = "<group>"; };
		FD38CE1D2C2FBA0A0056344A /* ContentView.swift */ = {isa = PBXFileReference; lastKnownFileType = sourcecode.swift; path = ContentView.swift; sourceTree = "<group>"; };
		FD38CE1F2C2FBA0B0056344A /* Assets.xcassets */ = {isa = PBXFileReference; lastKnownFileType = folder.assetcatalog; path = Assets.xcassets; sourceTree = "<group>"; };
		FD38CE222C2FBA0B0056344A /* Preview Assets.xcassets */ = {isa = PBXFileReference; lastKnownFileType = folder.assetcatalog; path = "Preview Assets.xcassets"; sourceTree = "<group>"; };
/* End PBXFileReference section */

/* Begin PBXFrameworksBuildPhase section */
		FD38CE152C2FBA0A0056344A /* Frameworks */ = {
			isa = PBXFrameworksBuildPhase;
			buildActionMask = 2147483647;
			files = (
			);
			runOnlyForDeploymentPostprocessing = 0;
		};
/* End PBXFrameworksBuildPhase section */

/* Begin PBXGroup section */
		F486267C2C2FCAA200E233D3 /* AppIntents */ = {
			isa = PBXGroup;
			children = (
				F486267D2C2FCAC900E233D3 /* ShortcutsProvider.swift */,
				F486267F2C2FCB0200E233D3 /* Asset */,
			);
			path = AppIntents;
			sourceTree = "<group>";
		};
		F486267F2C2FCB0200E233D3 /* Asset */ = {
			isa = PBXGroup;
			children = (
				F48626802C2FCB0A00E233D3 /* AssetIntents.swift */,
			);
			path = Asset;
			sourceTree = "<group>";
		};
		F48626822C2FD2ED00E233D3 /* Manager */ = {
			isa = PBXGroup;
			children = (
				F48626852C2FD31D00E233D3 /* AudioManager.swift */,
				F48626832C2FD2F400E233D3 /* LocationManager.swift */,
			);
			path = Manager;
			sourceTree = "<group>";
		};
		FD38CE0F2C2FBA0A0056344A = {
			isa = PBXGroup;
			children = (
				FD38CE1A2C2FBA0A0056344A /* Roadkill */,
				FD38CE192C2FBA0A0056344A /* Products */,
			);
			sourceTree = "<group>";
		};
		FD38CE192C2FBA0A0056344A /* Products */ = {
			isa = PBXGroup;
			children = (
				FD38CE182C2FBA0A0056344A /* Roadkill.app */,
			);
			name = Products;
			sourceTree = "<group>";
		};
		FD38CE1A2C2FBA0A0056344A /* Roadkill */ = {
			isa = PBXGroup;
			children = (
				F48626822C2FD2ED00E233D3 /* Manager */,
				F486267C2C2FCAA200E233D3 /* AppIntents */,
				F486267B2C2FC8AE00E233D3 /* Info.plist */,
				FD38CE1B2C2FBA0A0056344A /* RoadkillApp.swift */,
				FD38CE1D2C2FBA0A0056344A /* ContentView.swift */,
				FD38CE1F2C2FBA0B0056344A /* Assets.xcassets */,
				FD38CE212C2FBA0B0056344A /* Preview Content */,
			);
			path = Roadkill;
			sourceTree = "<group>";
		};
		FD38CE212C2FBA0B0056344A /* Preview Content */ = {
			isa = PBXGroup;
			children = (
				FD38CE222C2FBA0B0056344A /* Preview Assets.xcassets */,
			);
			path = "Preview Content";
			sourceTree = "<group>";
		};
/* End PBXGroup section */

/* Begin PBXNativeTarget section */
		FD38CE172C2FBA0A0056344A /* Roadkill */ = {
			isa = PBXNativeTarget;
			buildConfigurationList = FD38CE262C2FBA0B0056344A /* Build configuration list for PBXNativeTarget "Roadkill" */;
			buildPhases = (
				FD38CE142C2FBA0A0056344A /* Sources */,
				FD38CE152C2FBA0A0056344A /* Frameworks */,
				FD38CE162C2FBA0A0056344A /* Resources */,
			);
			buildRules = (
			);
			dependencies = (
			);
			name = Roadkill;
			productName = Roadkill;
			productReference = FD38CE182C2FBA0A0056344A /* Roadkill.app */;
			productType = "com.apple.product-type.application";
		};
/* End PBXNativeTarget section */

/* Begin PBXProject section */
		FD38CE102C2FBA0A0056344A /* Project object */ = {
			isa = PBXProject;
			attributes = {
				BuildIndependentTargetsInParallel = 1;
				LastSwiftUpdateCheck = 1600;
				LastUpgradeCheck = 1600;
				TargetAttributes = {
					FD38CE172C2FBA0A0056344A = {
						CreatedOnToolsVersion = 16.0;
					};
				};
			};
			buildConfigurationList = FD38CE132C2FBA0A0056344A /* Build configuration list for PBXProject "Roadkill" */;
			compatibilityVersion = "Xcode 15.0";
			developmentRegion = en;
			hasScannedForEncodings = 0;
			knownRegions = (
				en,
				Base,
			);
			mainGroup = FD38CE0F2C2FBA0A0056344A;
			productRefGroup = FD38CE192C2FBA0A0056344A /* Products */;
			projectDirPath = "";
			projectRoot = "";
			targets = (
				FD38CE172C2FBA0A0056344A /* Roadkill */,
			);
		};
/* End PBXProject section */

/* Begin PBXResourcesBuildPhase section */
		FD38CE162C2FBA0A0056344A /* Resources */ = {
			isa = PBXResourcesBuildPhase;
			buildActionMask = 2147483647;
			files = (
				FD38CE232C2FBA0B0056344A /* Preview Assets.xcassets in Resources */,
				FD38CE202C2FBA0B0056344A /* Assets.xcassets in Resources */,
			);
			runOnlyForDeploymentPostprocessing = 0;
		};
/* End PBXResourcesBuildPhase section */

/* Begin PBXSourcesBuildPhase section */
		FD38CE142C2FBA0A0056344A /* Sources */ = {
			isa = PBXSourcesBuildPhase;
			buildActionMask = 2147483647;
			files = (
				FD38CE1E2C2FBA0A0056344A /* ContentView.swift in Sources */,
				F486267E2C2FCAC900E233D3 /* ShortcutsProvider.swift in Sources */,
				F48626812C2FCB0B00E233D3 /* AssetIntents.swift in Sources */,
				FD38CE1C2C2FBA0A0056344A /* RoadkillApp.swift in Sources */,
				F48626862C2FD32000E233D3 /* AudioManager.swift in Sources */,
				F48626842C2FD2F800E233D3 /* LocationManager.swift in Sources */,
			);
			runOnlyForDeploymentPostprocessing = 0;
		};
/* End PBXSourcesBuildPhase section */

/* Begin XCBuildConfiguration section */
		FD38CE242C2FBA0B0056344A /* Debug */ = {
			isa = XCBuildConfiguration;
			buildSettings = {
				ALWAYS_SEARCH_USER_PATHS = NO;
				ASSETCATALOG_COMPILER_GENERATE_SWIFT_ASSET_SYMBOL_EXTENSIONS = YES;
				CLANG_ANALYZER_NONNULL = YES;
				CLANG_ANALYZER_NUMBER_OBJECT_CONVERSION = YES_AGGRESSIVE;
				CLANG_CXX_LANGUAGE_STANDARD = "gnu++20";
				CLANG_ENABLE_MODULES = YES;
				CLANG_ENABLE_OBJC_ARC = YES;
				CLANG_ENABLE_OBJC_WEAK = YES;
				CLANG_WARN_BLOCK_CAPTURE_AUTORELEASING = YES;
				CLANG_WARN_BOOL_CONVERSION = YES;
				CLANG_WARN_COMMA = YES;
				CLANG_WARN_CONSTANT_CONVERSION = YES;
				CLANG_WARN_DEPRECATED_OBJC_IMPLEMENTATIONS = YES;
				CLANG_WARN_DIRECT_OBJC_ISA_USAGE = YES_ERROR;
				CLANG_WARN_DOCUMENTATION_COMMENTS = YES;
				CLANG_WARN_EMPTY_BODY = YES;
				CLANG_WARN_ENUM_CONVERSION = YES;
				CLANG_WARN_INFINITE_RECURSION = YES;
				CLANG_WARN_INT_CONVERSION = YES;
				CLANG_WARN_NON_LITERAL_NULL_CONVERSION = YES;
				CLANG_WARN_OBJC_IMPLICIT_RETAIN_SELF = YES;
				CLANG_WARN_OBJC_LITERAL_CONVERSION = YES;
				CLANG_WARN_OBJC_ROOT_CLASS = YES_ERROR;
				CLANG_WARN_QUOTED_INCLUDE_IN_FRAMEWORK_HEADER = YES;
				CLANG_WARN_RANGE_LOOP_ANALYSIS = YES;
				CLANG_WARN_STRICT_PROTOTYPES = YES;
				CLANG_WARN_SUSPICIOUS_MOVE = YES;
				CLANG_WARN_UNGUARDED_AVAILABILITY = YES_AGGRESSIVE;
				CLANG_WARN_UNREACHABLE_CODE = YES;
				CLANG_WARN__DUPLICATE_METHOD_MATCH = YES;
				COPY_PHASE_STRIP = NO;
				DEBUG_INFORMATION_FORMAT = dwarf;
				ENABLE_STRICT_OBJC_MSGSEND = YES;
				ENABLE_TESTABILITY = YES;
				ENABLE_USER_SCRIPT_SANDBOXING = YES;
				GCC_C_LANGUAGE_STANDARD = gnu17;
				GCC_DYNAMIC_NO_PIC = NO;
				GCC_NO_COMMON_BLOCKS = YES;
				GCC_OPTIMIZATION_LEVEL = 0;
				GCC_PREPROCESSOR_DEFINITIONS = (
					"DEBUG=1",
					"$(inherited)",
				);
				GCC_WARN_64_TO_32_BIT_CONVERSION = YES;
				GCC_WARN_ABOUT_RETURN_TYPE = YES_ERROR;
				GCC_WARN_UNDECLARED_SELECTOR = YES;
				GCC_WARN_UNINITIALIZED_AUTOS = YES_AGGRESSIVE;
				GCC_WARN_UNUSED_FUNCTION = YES;
				GCC_WARN_UNUSED_VARIABLE = YES;
				IPHONEOS_DEPLOYMENT_TARGET = 18.0;
				LOCALIZATION_PREFERS_STRING_CATALOGS = YES;
				MTL_ENABLE_DEBUG_INFO = INCLUDE_SOURCE;
				MTL_FAST_MATH = YES;
				ONLY_ACTIVE_ARCH = YES;
				SDKROOT = iphoneos;
				SWIFT_ACTIVE_COMPILATION_CONDITIONS = "DEBUG $(inherited)";
				SWIFT_OPTIMIZATION_LEVEL = "-Onone";
			};
			name = Debug;
		};
		FD38CE252C2FBA0B0056344A /* Release */ = {
			isa = XCBuildConfiguration;
			buildSettings = {
				ALWAYS_SEARCH_USER_PATHS = NO;
				ASSETCATALOG_COMPILER_GENERATE_SWIFT_ASSET_SYMBOL_EXTENSIONS = YES;
				CLANG_ANALYZER_NONNULL = YES;
				CLANG_ANALYZER_NUMBER_OBJECT_CONVERSION = YES_AGGRESSIVE;
				CLANG_CXX_LANGUAGE_STANDARD = "gnu++20";
				CLANG_ENABLE_MODULES = YES;
				CLANG_ENABLE_OBJC_ARC = YES;
				CLANG_ENABLE_OBJC_WEAK = YES;
				CLANG_WARN_BLOCK_CAPTURE_AUTORELEASING = YES;
				CLANG_WARN_BOOL_CONVERSION = YES;
				CLANG_WARN_COMMA = YES;
				CLANG_WARN_CONSTANT_CONVERSION = YES;
				CLANG_WARN_DEPRECATED_OBJC_IMPLEMENTATIONS = YES;
				CLANG_WARN_DIRECT_OBJC_ISA_USAGE = YES_ERROR;
				CLANG_WARN_DOCUMENTATION_COMMENTS = YES;
				CLANG_WARN_EMPTY_BODY = YES;
				CLANG_WARN_ENUM_CONVERSION = YES;
				CLANG_WARN_INFINITE_RECURSION = YES;
				CLANG_WARN_INT_CONVERSION = YES;
				CLANG_WARN_NON_LITERAL_NULL_CONVERSION = YES;
				CLANG_WARN_OBJC_IMPLICIT_RETAIN_SELF = YES;
				CLANG_WARN_OBJC_LITERAL_CONVERSION = YES;
				CLANG_WARN_OBJC_ROOT_CLASS = YES_ERROR;
				CLANG_WARN_QUOTED_INCLUDE_IN_FRAMEWORK_HEADER = YES;
				CLANG_WARN_RANGE_LOOP_ANALYSIS = YES;
				CLANG_WARN_STRICT_PROTOTYPES = YES;
				CLANG_WARN_SUSPICIOUS_MOVE = YES;
				CLANG_WARN_UNGUARDED_AVAILABILITY = YES_AGGRESSIVE;
				CLANG_WARN_UNREACHABLE_CODE = YES;
				CLANG_WARN__DUPLICATE_METHOD_MATCH = YES;
				COPY_PHASE_STRIP = NO;
				DEBUG_INFORMATION_FORMAT = "dwarf-with-dsym";
				ENABLE_NS_ASSERTIONS = NO;
				ENABLE_STRICT_OBJC_MSGSEND = YES;
				ENABLE_USER_SCRIPT_SANDBOXING = YES;
				GCC_C_LANGUAGE_STANDARD = gnu17;
				GCC_NO_COMMON_BLOCKS = YES;
				GCC_WARN_64_TO_32_BIT_CONVERSION = YES;
				GCC_WARN_ABOUT_RETURN_TYPE = YES_ERROR;
				GCC_WARN_UNDECLARED_SELECTOR = YES;
				GCC_WARN_UNINITIALIZED_AUTOS = YES_AGGRESSIVE;
				GCC_WARN_UNUSED_FUNCTION = YES;
				GCC_WARN_UNUSED_VARIABLE = YES;
				IPHONEOS_DEPLOYMENT_TARGET = 18.0;
				LOCALIZATION_PREFERS_STRING_CATALOGS = YES;
				MTL_ENABLE_DEBUG_INFO = NO;
				MTL_FAST_MATH = YES;
				SDKROOT = iphoneos;
				SWIFT_COMPILATION_MODE = wholemodule;
				VALIDATE_PRODUCT = YES;
			};
			name = Release;
		};
		FD38CE272C2FBA0B0056344A /* Debug */ = {
			isa = XCBuildConfiguration;
			buildSettings = {
				ASSETCATALOG_COMPILER_APPICON_NAME = AppIcon;
				ASSETCATALOG_COMPILER_GLOBAL_ACCENT_COLOR_NAME = AccentColor;
				CODE_SIGN_STYLE = Automatic;
				CURRENT_PROJECT_VERSION = 1;
				DEVELOPMENT_ASSET_PATHS = "\"Roadkill/Preview Content\"";
				DEVELOPMENT_TEAM = 6ZQXJHH38M;
				ENABLE_PREVIEWS = YES;
				GENERATE_INFOPLIST_FILE = YES;
				INFOPLIST_FILE = Roadkill/Info.plist;
				INFOPLIST_KEY_NSLocationWhenInUseUsageDescription = "위치 접근을 허용해주세요.";
				INFOPLIST_KEY_NSMicrophoneUsageDescription = "마이크 접근을 허용해주세요.";
				INFOPLIST_KEY_UIApplicationSceneManifest_Generation = YES;
				INFOPLIST_KEY_UIApplicationSupportsIndirectInputEvents = YES;
				INFOPLIST_KEY_UILaunchScreen_Generation = YES;
				INFOPLIST_KEY_UISupportedInterfaceOrientations_iPad = "UIInterfaceOrientationPortrait UIInterfaceOrientationPortraitUpsideDown UIInterfaceOrientationLandscapeLeft UIInterfaceOrientationLandscapeRight";
				INFOPLIST_KEY_UISupportedInterfaceOrientations_iPhone = "UIInterfaceOrientationPortrait UIInterfaceOrientationLandscapeLeft UIInterfaceOrientationLandscapeRight";
				LD_RUNPATH_SEARCH_PATHS = (
					"$(inherited)",
					"@executable_path/Frameworks",
				);
				MARKETING_VERSION = 1.0;
				PRODUCT_BUNDLE_IDENTIFIER = team3.letushack.Roadkill;
				PRODUCT_NAME = "$(TARGET_NAME)";
				SUPPORTED_PLATFORMS = "iphoneos iphonesimulator";
				SUPPORTS_MACCATALYST = NO;
				SUPPORTS_MAC_DESIGNED_FOR_IPHONE_IPAD = NO;
				SUPPORTS_XR_DESIGNED_FOR_IPHONE_IPAD = NO;
				SWIFT_EMIT_LOC_STRINGS = YES;
				SWIFT_VERSION = 5.0;
				TARGETED_DEVICE_FAMILY = "1,2";
			};
			name = Debug;
		};
		FD38CE282C2FBA0B0056344A /* Release */ = {
			isa = XCBuildConfiguration;
			buildSettings = {
				ASSETCATALOG_COMPILER_APPICON_NAME = AppIcon;
				ASSETCATALOG_COMPILER_GLOBAL_ACCENT_COLOR_NAME = AccentColor;
				CODE_SIGN_STYLE = Automatic;
				CURRENT_PROJECT_VERSION = 1;
				DEVELOPMENT_ASSET_PATHS = "\"Roadkill/Preview Content\"";
				DEVELOPMENT_TEAM = 6ZQXJHH38M;
				ENABLE_PREVIEWS = YES;
				GENERATE_INFOPLIST_FILE = YES;
				INFOPLIST_FILE = Roadkill/Info.plist;
				INFOPLIST_KEY_NSLocationWhenInUseUsageDescription = "위치 접근을 허용해주세요.";
				INFOPLIST_KEY_NSMicrophoneUsageDescription = "마이크 접근을 허용해주세요.";
				INFOPLIST_KEY_UIApplicationSceneManifest_Generation = YES;
				INFOPLIST_KEY_UIApplicationSupportsIndirectInputEvents = YES;
				INFOPLIST_KEY_UILaunchScreen_Generation = YES;
				INFOPLIST_KEY_UISupportedInterfaceOrientations_iPad = "UIInterfaceOrientationPortrait UIInterfaceOrientationPortraitUpsideDown UIInterfaceOrientationLandscapeLeft UIInterfaceOrientationLandscapeRight";
				INFOPLIST_KEY_UISupportedInterfaceOrientations_iPhone = "UIInterfaceOrientationPortrait UIInterfaceOrientationLandscapeLeft UIInterfaceOrientationLandscapeRight";
				LD_RUNPATH_SEARCH_PATHS = (
					"$(inherited)",
					"@executable_path/Frameworks",
				);
				MARKETING_VERSION = 1.0;
				PRODUCT_BUNDLE_IDENTIFIER = team3.letushack.Roadkill;
				PRODUCT_NAME = "$(TARGET_NAME)";
				SUPPORTED_PLATFORMS = "iphoneos iphonesimulator";
				SUPPORTS_MACCATALYST = NO;
				SUPPORTS_MAC_DESIGNED_FOR_IPHONE_IPAD = NO;
				SUPPORTS_XR_DESIGNED_FOR_IPHONE_IPAD = NO;
				SWIFT_EMIT_LOC_STRINGS = YES;
				SWIFT_VERSION = 5.0;
				TARGETED_DEVICE_FAMILY = "1,2";
			};
			name = Release;
		};
/* End XCBuildConfiguration section */

/* Begin XCConfigurationList section */
		FD38CE132C2FBA0A0056344A /* Build configuration list for PBXProject "Roadkill" */ = {
			isa = XCConfigurationList;
			buildConfigurations = (
				FD38CE242C2FBA0B0056344A /* Debug */,
				FD38CE252C2FBA0B0056344A /* Release */,
			);
			defaultConfigurationIsVisible = 0;
			defaultConfigurationName = Release;
		};
		FD38CE262C2FBA0B0056344A /* Build configuration list for PBXNativeTarget "Roadkill" */ = {
			isa = XCConfigurationList;
			buildConfigurations = (
				FD38CE272C2FBA0B0056344A /* Debug */,
				FD38CE282C2FBA0B0056344A /* Release */,
			);
			defaultConfigurationIsVisible = 0;
			defaultConfigurationName = Release;
		};
/* End XCConfigurationList section */
	};
	rootObject = FD38CE102C2FBA0A0056344A /* Project object */;
}
